
Microsoft Visual Studio Solution File, Format Version 12.00
# Visual Studio 15
VisualStudioVersion = 15.0.28307.572
MinimumVisualStudioVersion = 10.0.40219.1
Project("{9A19103F-16F7-4668-BE54-9A1E7A4F7556}") = "NameAnalysis", "NameAnalysis\NameAnalysis.csproj", "{672B1F4E-B852-4E61-A614-B5090F25E647}"
EndProject
Global
	GlobalSection(SolutionConfigurationPlatforms) = preSolution
		Debug|Any CPU = Debug|Any CPU
		Release|Any CPU = Release|Any CPU
	EndGlobalSection
	GlobalSection(ProjectConfigurationPlatforms) = postSolution
		{672B1F4E-B852-4E61-A614-B5090F25E647}.Debug|Any CPU.ActiveCfg = Debug|Any CPU
		{672B1F4E-B852-4E61-A614-B5090F25E647}.Debug|Any CPU.Build.0 = Debug|Any CPU
		{672B1F4E-B852-4E61-A614-B5090F25E647}.Release|Any CPU.ActiveCfg = Release|Any CPU
		{672B1F4E-B852-4E61-A614-B5090F25E647}.Release|Any CPU.Build.0 = Release|Any CPU
	EndGlobalSection
	GlobalSection(SolutionProperties) = preSolution
		HideSolutionNode = FALSE
	EndGlobalSection
	GlobalSection(ExtensibilityGlobals) = postSolution
		SolutionGuid = {19894B5D-9020-4D76-A6E4-CC39BF871BDF}
	EndGlobalSection
EndGlobal
